
Microsoft Visual Studio Solution File, Format Version 12.00
# Visual Studio Version 16
VisualStudioVersion = 16.0.29230.61
MinimumVisualStudioVersion = 10.0.40219.1
Project("{F184B08F-C81C-45F6-A57F-5ABD9991F28F}") = "004-Produtos", "004-Produtos.vbproj", "{4C390247-BBF5-4D66-80D2-E2DC34FD126E}"
EndProject
Global
	GlobalSection(SolutionConfigurationPlatforms) = preSolution
		Debug|Any CPU = Debug|Any CPU
		Release|Any CPU = Release|Any CPU
	EndGlobalSection
	GlobalSection(ProjectConfigurationPlatforms) = postSolution
		{4C390247-BBF5-4D66-80D2-E2DC34FD126E}.Debug|Any CPU.ActiveCfg = Debug|Any CPU
		{4C390247-BBF5-4D66-80D2-E2DC34FD126E}.Debug|Any CPU.Build.0 = Debug|Any CPU
		{4C390247-BBF5-4D66-80D2-E2DC34FD126E}.Release|Any CPU.ActiveCfg = Release|Any CPU
		{4C390247-BBF5-4D66-80D2-E2DC34FD126E}.Release|Any CPU.Build.0 = Release|Any CPU
	EndGlobalSection
	GlobalSection(SolutionProperties) = preSolution
		HideSolutionNode = FALSE
	EndGlobalSection
	GlobalSection(ExtensibilityGlobals) = postSolution
		SolutionGuid = {3CAEB045-D037-45A2-B8B6-4A88CB5488D3}
	EndGlobalSection
EndGlobal
